
Microsoft Visual Studio Solution File, Format Version 12.00
# Visual Studio 15
VisualStudioVersion = 15.0.26430.15
MinimumVisualStudioVersion = 10.0.40219.1
Project("{FAE04EC0-301F-11D3-BF4B-00C04F79EFBC}") = "WebAPITemplate", "WebAPITemplate\WebAPITemplate.csproj", "{87759919-B857-4510-AA4D-E1131DA2CCB9}"
EndProject
Project("{FAE04EC0-301F-11D3-BF4B-00C04F79EFBC}") = "WebAPITemplate.Tests", "WebAPITemplate.Tests\WebAPITemplate.Tests.csproj", "{A7C65194-6CB3-49DA-82A3-51D93AB4F1E7}"
EndProject
Project("{2150E333-8FDC-42A3-9474-1A3956D46DE8}") = "Solution Items", "Solution Items", "{48B63093-9C15-4212-ABEF-921BE07B48C0}"
	ProjectSection(SolutionItems) = preProject
		..\README.md = ..\README.md
	EndProjectSection
EndProject
Global
	GlobalSection(SolutionConfigurationPlatforms) = preSolution
		Debug|Any CPU = Debug|Any CPU
		Release|Any CPU = Release|Any CPU
	EndGlobalSection
	GlobalSection(ProjectConfigurationPlatforms) = postSolution
		{87759919-B857-4510-AA4D-E1131DA2CCB9}.Debug|Any CPU.ActiveCfg = Debug|Any CPU
		{87759919-B857-4510-AA4D-E1131DA2CCB9}.Debug|Any CPU.Build.0 = Debug|Any CPU
		{87759919-B857-4510-AA4D-E1131DA2CCB9}.Release|Any CPU.ActiveCfg = Release|Any CPU
		{87759919-B857-4510-AA4D-E1131DA2CCB9}.Release|Any CPU.Build.0 = Release|Any CPU
		{A7C65194-6CB3-49DA-82A3-51D93AB4F1E7}.Debug|Any CPU.ActiveCfg = Debug|Any CPU
		{A7C65194-6CB3-49DA-82A3-51D93AB4F1E7}.Debug|Any CPU.Build.0 = Debug|Any CPU
		{A7C65194-6CB3-49DA-82A3-51D93AB4F1E7}.Release|Any CPU.ActiveCfg = Release|Any CPU
		{A7C65194-6CB3-49DA-82A3-51D93AB4F1E7}.Release|Any CPU.Build.0 = Release|Any CPU
	EndGlobalSection
	GlobalSection(SolutionProperties) = preSolution
		HideSolutionNode = FALSE
	EndGlobalSection
EndGlobal
